github.com/jung-kurt/gofpdf/v2 v2.17.3 h1:otZXZby2gXJ7uU6pzprXHq/R57lsHLi0WtH79VabWxY=
github.com/jung-kurt/gofpdf/v2 v2.17.3/go.mod h1:Qx8ZNg4cNsO5i6uLDiBngnm+ii/FjtAqjRNO6drsoYU=
github.com/mattn/go-sqlite3 v1.14.24 h1:tpSp2G2KyMnnQu99ngJ47EIkWVmliIizyZBfPrBWDRM=
github.com/mattn/go-sqlite3 v1.14.24/go.mod h1:Uh1q+B4BYcTPb+yiD3kU8Ct7aC0hY9fxUwlHK0RXw+Y=
github.com/robfig/cron/v3 v3.0.1 h1:WdRxkvbJztn8LMz/QEvLN5sBU+xKpSqwwUO1Pjr4qDs=
github.com/robfig/cron/v3 v3.0.1/go.mod h1:eQICP3HwyT7UooqI/z+Ov+PtYAWygg1TEWWzGIFLtro=
